// !$*UTF8*$!
{
	archiveVersion = 1;
	classes = {
	};
	objectVersion = 46;
	objects = {

/* Begin PBXBuildFile section */
		8DACFF701D93779A00FF8FEC /* main.m in Sources */ = {isa = PBXBuildFile; fileRef = 8DACFF6F1D93779A00FF8FEC /* main.m */; };
		8DACFF731D93779A00FF8FEC /* AppDelegate.m in Sources */ = {isa = PBXBuildFile; fileRef = 8DACFF721D93779A00FF8FEC /* AppDelegate.m */; };
		8DACFF761D93779A00FF8FEC /* ViewController.m in Sources */ = {isa = PBXBuildFile; fileRef = 8DACFF751D93779A00FF8FEC /* ViewController.m */; };
		8DACFF791D93779A00FF8FEC /* Main.storyboard in Resources */ = {isa = PBXBuildFile; fileRef = 8DACFF771D93779A00FF8FEC /* Main.storyboard */; };
		8DACFF7B1D93779A00FF8FEC /* Assets.xcassets in Resources */ = {isa = PBXBuildFile; fileRef = 8DACFF7A1D93779A00FF8FEC /* Assets.xcassets */; };
		8DACFF7E1D93779A00FF8FEC /* LaunchScreen.storyboard in Resources */ = {isa = PBXBuildFile; fileRef = 8DACFF7C1D93779A00FF8FEC /* LaunchScreen.storyboard */; };
/* End PBXBuildFile section */

/* Begin PBXFileReference section */
		8DACFF6B1D93779A00FF8FEC /* LeonYueTool.app */ = {isa = PBXFileReference; explicitFileType = wrapper.application; includeInIndex = 0; path = LeonYueTool.app; sourceTree = BUILT_PRODUCTS_DIR; };
		8DACFF6F1D93779A00FF8FEC /* main.m */ = {isa = PBXFileReference; lastKnownFileType = sourcecode.c.objc; path = main.m; sourceTree = "<group>"; };
		8DACFF711D93779A00FF8FEC /* AppDelegate.h */ = {isa = PBXFileReference; lastKnownFileType = sourcecode.c.h; path = AppDelegate.h; sourceTree = "<group>"; };
		8DACFF721D93779A00FF8FEC /* AppDelegate.m */ = {isa = PBXFileReference; lastKnownFileType = sourcecode.c.objc; path = AppDelegate.m; sourceTree = "<group>"; };
		8DACFF741D93779A00FF8FEC /* ViewController.h */ = {isa = PBXFileReference; lastKnownFileType = sourcecode.c.h; path = ViewController.h; sourceTree = "<group>"; };
		8DACFF751D93779A00FF8FEC /* ViewController.m */ = {isa = PBXFileReference; lastKnownFileType = sourcecode.c.objc; path = ViewController.m; sourceTree = "<group>"; };
		8DACFF781D93779A00FF8FEC /* Base */ = {isa = PBXFileReference; lastKnownFileType = file.storyboard; name = Base; path = Base.lproj/Main.storyboard; sourceTree = "<group>"; };
		8DACFF7A1D93779A00FF8FEC /* Assets.xcassets */ = {isa = PBXFileReference; lastKnownFileType = folder.assetcatalog; path = Assets.xcassets; sourceTree = "<group>"; };
		8DACFF7D1D93779A00FF8FEC /* Base */ = {isa = PBXFileReference; lastKnownFileType = file.storyboard; name = Base; path = Base.lproj/LaunchScreen.storyboard; sourceTree = "<group>"; };
		8DACFF7F1D93779A00FF8FEC /* Info.plist */ = {isa = PBXFileReference; lastKnownFileType = text.plist.xml; path = Info.plist; sourceTree = "<group>"; };
/* End PBXFileReference section */

/* Begin PBXFrameworksBuildPhase section */
		8DACFF681D93779A00FF8FEC /* Frameworks */ = {
			isa = PBXFrameworksBuildPhase;
			buildActionMask = 2147483647;
			files = (
			);
			runOnlyForDeploymentPostprocessing = 0;
		};
/* End PBXFrameworksBuildPhase section */

/* Begin PBXGroup section */
		8DACFF621D93779A00FF8FEC = {
			isa = PBXGroup;
			children = (
				8DACFF6D1D93779A00FF8FEC /* LeonYueTool */,
				8DACFF6C1D93779A00FF8FEC /* Products */,
			);
			sourceTree = "<group>";
		};
		8DACFF6C1D93779A00FF8FEC /* Products */ = {
			isa = PBXGroup;
			children = (
				8DACFF6B1D93779A00FF8FEC /* LeonYueTool.app */,
			);
			name = Products;
			sourceTree = "<group>";
		};
		8DACFF6D1D93779A00FF8FEC /* LeonYueTool */ = {
			isa = PBXGroup;
			children = (
				8DACFF711D93779A00FF8FEC /* AppDelegate.h */,
				8DACFF721D93779A00FF8FEC /* AppDelegate.m */,
				8DACFF741D93779A00FF8FEC /* ViewController.h */,
				8DACFF751D93779A00FF8FEC /* ViewController.m */,
				8DACFF771D93779A00FF8FEC /* Main.storyboard */,
				8DACFF7A1D93779A00FF8FEC /* Assets.xcassets */,
				8DACFF7C1D93779A00FF8FEC /* LaunchScreen.storyboard */,
				8DACFF7F1D93779A00FF8FEC /* Info.plist */,
				8DACFF6E1D93779A00FF8FEC /* Supporting Files */,
			);
			path = LeonYueTool;
			sourceTree = "<group>";
		};
		8DACFF6E1D93779A00FF8FEC /* Supporting Files */ = {
			isa = PBXGroup;
			children = (
				8DACFF6F1D93779A00FF8FEC /* main.m */,
			);
			name = "Supporting Files";
			sourceTree = "<group>";
		};
/* End PBXGroup section */

/* Begin PBXNativeTarget section */
		8DACFF6A1D93779A00FF8FEC /* LeonYueTool */ = {
			isa = PBXNativeTarget;
			buildConfigurationList = 8DACFF821D93779A00FF8FEC /* Build configuration list for PBXNativeTarget "LeonYueTool" */;
			buildPhases = (
				8DACFF671D93779A00FF8FEC /* Sources */,
				8DACFF681D93779A00FF8FEC /* Frameworks */,
				8DACFF691D93779A00FF8FEC /* Resources */,
			);
			buildRules = (
			);
			dependencies = (
			);
			name = LeonYueTool;
			productName = LeonYueTool;
			productReference = 8DACFF6B1D93779A00FF8FEC /* LeonYueTool.app */;
			productType = "com.apple.product-type.application";
		};
/* End PBXNativeTarget section */

/* Begin PBXProject section */
		8DACFF631D93779A00FF8FEC /* Project object */ = {
			isa = PBXProject;
			attributes = {
				LastUpgradeCheck = 0800;
				ORGANIZATIONNAME = "YC-JG-YXKF-PC35";
				TargetAttributes = {
					8DACFF6A1D93779A00FF8FEC = {
						CreatedOnToolsVersion = 8.0;
						DevelopmentTeam = XJGKD4Z97L;
						ProvisioningStyle = Automatic;
					};
				};
			};
			buildConfigurationList = 8DACFF661D93779A00FF8FEC /* Build configuration list for PBXProject "LeonYueTool" */;
			compatibilityVersion = "Xcode 3.2";
			developmentRegion = English;
			hasScannedForEncodings = 0;
			knownRegions = (
				en,
				Base,
			);
			mainGroup = 8DACFF621D93779A00FF8FEC;
			productRefGroup = 8DACFF6C1D93779A00FF8FEC /* Products */;
			projectDirPath = "";
			projectRoot = "";
			targets = (
				8DACFF6A1D93779A00FF8FEC /* LeonYueTool */,
			);
		};
/* End PBXProject section */

/* Begin PBXResourcesBuildPhase section */
		8DACFF691D93779A00FF8FEC /* Resources */ = {
			isa = PBXResourcesBuildPhase;
			buildActionMask = 2147483647;
			files = (
				8DACFF7E1D93779A00FF8FEC /* LaunchScreen.storyboard in Resources */,
				8DACFF7B1D93779A00FF8FEC /* Assets.xcassets in Resources */,
				8DACFF791D93779A00FF8FEC /* Main.storyboard in Resources */,
			);
			runOnlyForDeploymentPostprocessing = 0;
		};
/* End PBXResourcesBuildPhase section */

/* Begin PBXSourcesBuildPhase section */
		8DACFF671D93779A00FF8FEC /* Sources */ = {
			isa = PBXSourcesBuildPhase;
			buildActionMask = 2147483647;
			files = (
				8DACFF761D93779A00FF8FEC /* ViewController.m in Sources */,
				8DACFF731D93779A00FF8FEC /* AppDelegate.m in Sources */,
				8DACFF701D93779A00FF8FEC /* main.m in Sources */,
			);
			runOnlyForDeploymentPostprocessing = 0;
		};
/* End PBXSourcesBuildPhase section */

/* Begin PBXVariantGroup section */
		8DACFF771D93779A00FF8FEC /* Main.storyboard */ = {
			isa = PBXVariantGroup;
			children = (
				8DACFF781D93779A00FF8FEC /* Base */,
			);
			name = Main.storyboard;
			sourceTree = "<group>";
		};
		8DACFF7C1D93779A00FF8FEC /* LaunchScreen.storyboard */ = {
			isa = PBXVariantGroup;
			children = (
				8DACFF7D1D93779A00FF8FEC /* Base */,
			);
			name = LaunchScreen.storyboard;
			sourceTree = "<group>";
		};
/* End PBXVariantGroup section */

/* Begin XCBuildConfiguration section */
		8DACFF801D93779A00FF8FEC /* Debug */ = {
			isa = XCBuildConfiguration;
			buildSettings = {
				ALWAYS_SEARCH_USER_PATHS = NO;
				CLANG_ANALYZER_NONNULL = YES;
				CLANG_CXX_LANGUAGE_STANDARD = "gnu++0x";
				CLANG_CXX_LIBRARY = "libc++";
				CLANG_ENABLE_MODULES = YES;
				CLANG_ENABLE_OBJC_ARC = YES;
				CLANG_WARN_BOOL_CONVERSION = YES;
				CLANG_WARN_CONSTANT_CONVERSION = YES;
				CLANG_WARN_DIRECT_OBJC_ISA_USAGE = YES_ERROR;
				CLANG_WARN_DOCUMENTATION_COMMENTS = YES;
				CLANG_WARN_EMPTY_BODY = YES;
				CLANG_WARN_ENUM_CONVERSION = YES;
				CLANG_WARN_INFINITE_RECURSION = YES;
				CLANG_WARN_INT_CONVERSION = YES;
				CLANG_WARN_OBJC_ROOT_CLASS = YES_ERROR;
				CLANG_WARN_SUSPICIOUS_MOVES = YES;
				CLANG_WARN_UNREACHABLE_CODE = YES;
				CLANG_WARN__DUPLICATE_METHOD_MATCH = YES;
				"CODE_SIGN_IDENTITY[sdk=iphoneos*]" = "iPhone Developer";
				COPY_PHASE_STRIP = NO;
				DEBUG_INFORMATION_FORMAT = dwarf;
				ENABLE_STRICT_OBJC_MSGSEND = YES;
				ENABLE_TESTABILITY = YES;
				GCC_C_LANGUAGE_STANDARD = gnu99;
				GCC_DYNAMIC_NO_PIC = NO;
				GCC_NO_COMMON_BLOCKS = YES;
				GCC_OPTIMIZATION_LEVEL = 0;
				GCC_PREPROCESSOR_DEFINITIONS = (
					"DEBUG=1",
					"$(inherited)",
				);
				GCC_WARN_64_TO_32_BIT_CONVERSION = YES;
				GCC_WARN_ABOUT_RETURN_TYPE = YES_ERROR;
				GCC_WARN_UNDECLARED_SELECTOR = YES;
				GCC_WARN_UNINITIALIZED_AUTOS = YES_AGGRESSIVE;
				GCC_WARN_UNUSED_FUNCTION = YES;
				GCC_WARN_UNUSED_VARIABLE = YES;
				IPHONEOS_DEPLOYMENT_TARGET = 10.0;
				MTL_ENABLE_DEBUG_INFO = YES;
				ONLY_ACTIVE_ARCH = YES;
				SDKROOT = iphoneos;
				TARGETED_DEVICE_FAMILY = "1,2";
			};
			name = Debug;
		};
		8DACFF811D93779A00FF8FEC /* Release */ = {
			isa = XCBuildConfiguration;
			buildSettings = {
				ALWAYS_SEARCH_USER_PATHS = NO;
				CLANG_ANALYZER_NONNULL = YES;
				CLANG_CXX_LANGUAGE_STANDARD = "gnu++0x";
				CLANG_CXX_LIBRARY = "libc++";
				CLANG_ENABLE_MODULES = YES;
				CLANG_ENABLE_OBJC_ARC = YES;
				CLANG_WARN_BOOL_CONVERSION = YES;
				CLANG_WARN_CONSTANT_CONVERSION = YES;
				CLANG_WARN_DIRECT_OBJC_ISA_USAGE = YES_ERROR;
				CLANG_WARN_DOCUMENTATION_COMMENTS = YES;
				CLANG_WARN_EMPTY_BODY = YES;
				CLANG_WARN_ENUM_CONVERSION = YES;
				CLANG_WARN_INFINITE_RECURSION = YES;
				CLANG_WARN_INT_CONVERSION = YES;
				CLANG_WARN_OBJC_ROOT_CLASS = YES_ERROR;
				CLANG_WARN_SUSPICIOUS_MOVES = YES;
				CLANG_WARN_UNREACHABLE_CODE = YES;
				CLANG_WARN__DUPLICATE_METHOD_MATCH = YES;
				"CODE_SIGN_IDENTITY[sdk=iphoneos*]" = "iPhone Developer";
				COPY_PHASE_STRIP = NO;
				DEBUG_INFORMATION_FORMAT = "dwarf-with-dsym";
				ENABLE_NS_ASSERTIONS = NO;
				ENABLE_STRICT_OBJC_MSGSEND = YES;
				GCC_C_LANGUAGE_STANDARD = gnu99;
				GCC_NO_COMMON_BLOCKS = YES;
				GCC_WARN_64_TO_32_BIT_CONVERSION = YES;
				GCC_WARN_ABOUT_RETURN_TYPE = YES_ERROR;
				GCC_WARN_UNDECLARED_SELECTOR = YES;
				GCC_WARN_UNINITIALIZED_AUTOS = YES_AGGRESSIVE;
				GCC_WARN_UNUSED_FUNCTION = YES;
				GCC_WARN_UNUSED_VARIABLE = YES;
				IPHONEOS_DEPLOYMENT_TARGET = 10.0;
				MTL_ENABLE_DEBUG_INFO = NO;
				SDKROOT = iphoneos;
				TARGETED_DEVICE_FAMILY = "1,2";
				VALIDATE_PRODUCT = YES;
			};
			name = Release;
		};
		8DACFF831D93779A00FF8FEC /* Debug */ = {
			isa = XCBuildConfiguration;
			buildSettings = {
				ASSETCATALOG_COMPILER_APPICON_NAME = AppIcon;
				DEVELOPMENT_TEAM = XJGKD4Z97L;
				INFOPLIST_FILE = LeonYueTool/Info.plist;
				LD_RUNPATH_SEARCH_PATHS = "$(inherited) @executable_path/Frameworks";
				PRODUCT_BUNDLE_IDENTIFIER = com.yuneec.LeonYueTool;
				PRODUCT_NAME = "$(TARGET_NAME)";
			};
			name = Debug;
		};
		8DACFF841D93779A00FF8FEC /* Release */ = {
			isa = XCBuildConfiguration;
			buildSettings = {
				ASSETCATALOG_COMPILER_APPICON_NAME = AppIcon;
				DEVELOPMENT_TEAM = XJGKD4Z97L;
				INFOPLIST_FILE = LeonYueTool/Info.plist;
				LD_RUNPATH_SEARCH_PATHS = "$(inherited) @executable_path/Frameworks";
				PRODUCT_BUNDLE_IDENTIFIER = com.yuneec.LeonYueTool;
				PRODUCT_NAME = "$(TARGET_NAME)";
			};
			name = Release;
		};
/* End XCBuildConfiguration section */

/* Begin XCConfigurationList section */
		8DACFF661D93779A00FF8FEC /* Build configuration list for PBXProject "LeonYueTool" */ = {
			isa = XCConfigurationList;
			buildConfigurations = (
				8DACFF801D93779A00FF8FEC /* Debug */,
				8DACFF811D93779A00FF8FEC /* Release */,
			);
			defaultConfigurationIsVisible = 0;
			defaultConfigurationName = Release;
		};
		8DACFF821D93779A00FF8FEC /* Build configuration list for PBXNativeTarget "LeonYueTool" */ = {
			isa = XCConfigurationList;
			buildConfigurations = (
				8DACFF831D93779A00FF8FEC /* Debug */,
				8DACFF841D93779A00FF8FEC /* Release */,
			);
			defaultConfigurationIsVisible = 0;
		};
/* End XCConfigurationList section */
	};
	rootObject = 8DACFF631D93779A00FF8FEC /* Project object */;
}
